
Microsoft Visual Studio Solution File, Format Version 12.00
# Visual Studio Version 16
VisualStudioVersion = 16.0.30413.136
MinimumVisualStudioVersion = 10.0.40219.1
Project("{9A19103F-16F7-4668-BE54-9A1E7A4F7556}") = "Example.WebApi", "Example.WebApi\Example.WebApi.csproj", "{77839045-C1C2-4A9A-A02C-2288F0C690B4}"
EndProject
Project("{9A19103F-16F7-4668-BE54-9A1E7A4F7556}") = "Example.Data", "Example.Data\Example.Data.csproj", "{0A1BEA85-00AE-4F12-AE6C-DB6BCC95536F}"
EndProject
Project("{9A19103F-16F7-4668-BE54-9A1E7A4F7556}") = "Example.Service", "Example.Service\Example.Service.csproj", "{EB6951A9-E66D-4243-ACF5-3490A54FE0DF}"
EndProject
Project("{9A19103F-16F7-4668-BE54-9A1E7A4F7556}") = "Example.Tests", "Example.Tests\Example.Tests.csproj", "{B6EE28C9-6B5A-4703-89E5-603C6D8D7D1B}"
EndProject
Project("{FAE04EC0-301F-11D3-BF4B-00C04F79EFBC}") = "Example.Client", "Example.Client\Example.Client.csproj", "{848682CE-76A9-4B6A-8814-F713E8AC4B26}"
EndProject
Global
	GlobalSection(SolutionConfigurationPlatforms) = preSolution
		Debug|Any CPU = Debug|Any CPU
		Release|Any CPU = Release|Any CPU
	EndGlobalSection
	GlobalSection(ProjectConfigurationPlatforms) = postSolution
		{77839045-C1C2-4A9A-A02C-2288F0C690B4}.Debug|Any CPU.ActiveCfg = Debug|Any CPU
		{77839045-C1C2-4A9A-A02C-2288F0C690B4}.Debug|Any CPU.Build.0 = Debug|Any CPU
		{77839045-C1C2-4A9A-A02C-2288F0C690B4}.Release|Any CPU.ActiveCfg = Release|Any CPU
		{77839045-C1C2-4A9A-A02C-2288F0C690B4}.Release|Any CPU.Build.0 = Release|Any CPU
		{0A1BEA85-00AE-4F12-AE6C-DB6BCC95536F}.Debug|Any CPU.ActiveCfg = Debug|Any CPU
		{0A1BEA85-00AE-4F12-AE6C-DB6BCC95536F}.Debug|Any CPU.Build.0 = Debug|Any CPU
		{0A1BEA85-00AE-4F12-AE6C-DB6BCC95536F}.Release|Any CPU.ActiveCfg = Release|Any CPU
		{0A1BEA85-00AE-4F12-AE6C-DB6BCC95536F}.Release|Any CPU.Build.0 = Release|Any CPU
		{EB6951A9-E66D-4243-ACF5-3490A54FE0DF}.Debug|Any CPU.ActiveCfg = Debug|Any CPU
		{EB6951A9-E66D-4243-ACF5-3490A54FE0DF}.Debug|Any CPU.Build.0 = Debug|Any CPU
		{EB6951A9-E66D-4243-ACF5-3490A54FE0DF}.Release|Any CPU.ActiveCfg = Release|Any CPU
		{EB6951A9-E66D-4243-ACF5-3490A54FE0DF}.Release|Any CPU.Build.0 = Release|Any CPU
		{B6EE28C9-6B5A-4703-89E5-603C6D8D7D1B}.Debug|Any CPU.ActiveCfg = Debug|Any CPU
		{B6EE28C9-6B5A-4703-89E5-603C6D8D7D1B}.Debug|Any CPU.Build.0 = Debug|Any CPU
		{B6EE28C9-6B5A-4703-89E5-603C6D8D7D1B}.Release|Any CPU.ActiveCfg = Release|Any CPU
		{B6EE28C9-6B5A-4703-89E5-603C6D8D7D1B}.Release|Any CPU.Build.0 = Release|Any CPU
		{848682CE-76A9-4B6A-8814-F713E8AC4B26}.Debug|Any CPU.ActiveCfg = Debug|Any CPU
		{848682CE-76A9-4B6A-8814-F713E8AC4B26}.Debug|Any CPU.Build.0 = Debug|Any CPU
		{848682CE-76A9-4B6A-8814-F713E8AC4B26}.Release|Any CPU.ActiveCfg = Release|Any CPU
		{848682CE-76A9-4B6A-8814-F713E8AC4B26}.Release|Any CPU.Build.0 = Release|Any CPU
	EndGlobalSection
	GlobalSection(SolutionProperties) = preSolution
		HideSolutionNode = FALSE
	EndGlobalSection
	GlobalSection(ExtensibilityGlobals) = postSolution
		SolutionGuid = {BB52C7E5-76E4-4659-837E-64DD81597048}
	EndGlobalSection
EndGlobal
